// !$*UTF8*$!
{
	archiveVersion = 1;
	classes = {
	};
	objectVersion = 46;
	objects = {

/* Begin PBXBuildFile section */
		664EEF6364DBE018FF88EFA7 /* Pods_My_WeatherUITests.framework in Frameworks */ = {isa = PBXBuildFile; fileRef = 495F3C5028737ABD6C2D3840 /* Pods_My_WeatherUITests.framework */; };
		77130CE61D7837570096D75B /* ClimaconEmoji.swift in Sources */ = {isa = PBXBuildFile; fileRef = 77130CE51D7837570096D75B /* ClimaconEmoji.swift */; };
		77189D941D75ECB200372956 /* AppDelegate.swift in Sources */ = {isa = PBXBuildFile; fileRef = 77189D931D75ECB200372956 /* AppDelegate.swift */; };
		77189D961D75ECB200372956 /* WeatherDetailViewController.swift in Sources */ = {isa = PBXBuildFile; fileRef = 77189D951D75ECB200372956 /* WeatherDetailViewController.swift */; };
		77189D991D75ECB200372956 /* Main.storyboard in Resources */ = {isa = PBXBuildFile; fileRef = 77189D971D75ECB200372956 /* Main.storyboard */; };
		77189D9C1D75ECB200372956 /* My_Weather.xcdatamodeld in Sources */ = {isa = PBXBuildFile; fileRef = 77189D9A1D75ECB200372956 /* My_Weather.xcdatamodeld */; };
		77189D9E1D75ECB200372956 /* Assets.xcassets in Resources */ = {isa = PBXBuildFile; fileRef = 77189D9D1D75ECB200372956 /* Assets.xcassets */; };
		77189DA11D75ECB200372956 /* LaunchScreen.storyboard in Resources */ = {isa = PBXBuildFile; fileRef = 77189D9F1D75ECB200372956 /* LaunchScreen.storyboard */; };
		77189DAC1D75ECB200372956 /* My_WeatherTests.swift in Sources */ = {isa = PBXBuildFile; fileRef = 77189DAB1D75ECB200372956 /* My_WeatherTests.swift */; };
		77189DB71D75ECB200372956 /* My_WeatherUITests.swift in Sources */ = {isa = PBXBuildFile; fileRef = 77189DB61D75ECB200372956 /* My_WeatherUITests.swift */; };
		77189DC91D75F36400372956 /* WeatherTableViewCell.swift in Sources */ = {isa = PBXBuildFile; fileRef = 77189DC81D75F36400372956 /* WeatherTableViewCell.swift */; };
		77189DCB1D75F44800372956 /* WeatherTableViewController.swift in Sources */ = {isa = PBXBuildFile; fileRef = 77189DCA1D75F44800372956 /* WeatherTableViewController.swift */; };
		77189DCD1D75F51600372956 /* WeatherData.swift in Sources */ = {isa = PBXBuildFile; fileRef = 77189DCC1D75F51600372956 /* WeatherData.swift */; };
		771DE4C81D78682C00E76F3C /* changelog.txt in Resources */ = {isa = PBXBuildFile; fileRef = 771DE4C71D78682C00E76F3C /* changelog.txt */; };
		771DE4CA1D786ED000E76F3C /* LoadingIndicatorView.swift in Sources */ = {isa = PBXBuildFile; fileRef = 771DE4C91D786ED000E76F3C /* LoadingIndicatorView.swift */; };
		771DE4CC1D786F0700E76F3C /* SplashScreenView.swift in Sources */ = {isa = PBXBuildFile; fileRef = 771DE4CB1D786F0700E76F3C /* SplashScreenView.swift */; };
		777DE31D1D781A070005AD8D /* Climacons.ttf in Resources */ = {isa = PBXBuildFile; fileRef = 777DE31C1D781A070005AD8D /* Climacons.ttf */; };
		8334ABC07897377F1BFC71BC /* Pods_My_WeatherTests.framework in Frameworks */ = {isa = PBXBuildFile; fileRef = F405E8ED6323D4F2049F74C3 /* Pods_My_WeatherTests.framework */; };
		94517E3EF16DAC38AF0FE17F /* Pods_My_Weather.framework in Frameworks */ = {isa = PBXBuildFile; fileRef = 9B3FCE66FACA2CFB9032E463 /* Pods_My_Weather.framework */; };
/* End PBXBuildFile section */

/* Begin PBXContainerItemProxy section */
		77189DA81D75ECB200372956 /* PBXContainerItemProxy */ = {
			isa = PBXContainerItemProxy;
			containerPortal = 77189D881D75ECB200372956 /* Project object */;
			proxyType = 1;
			remoteGlobalIDString = 77189D8F1D75ECB200372956;
			remoteInfo = "My Weather";
		};
		77189DB31D75ECB200372956 /* PBXContainerItemProxy */ = {
			isa = PBXContainerItemProxy;
			containerPortal = 77189D881D75ECB200372956 /* Project object */;
			proxyType = 1;
			remoteGlobalIDString = 77189D8F1D75ECB200372956;
			remoteInfo = "My Weather";
		};
/* End PBXContainerItemProxy section */

/* Begin PBXFileReference section */
		16299C1FB9BC7AC13AD4A57D /* Pods-My WeatherUITests.debug.xcconfig */ = {isa = PBXFileReference; includeInIndex = 1; lastKnownFileType = text.xcconfig; name = "Pods-My WeatherUITests.debug.xcconfig"; path = "Pods/Target Support Files/Pods-My WeatherUITests/Pods-My WeatherUITests.debug.xcconfig"; sourceTree = "<group>"; };
		321BF68D1D0542252268090D /* Pods-My WeatherUITests.release.xcconfig */ = {isa = PBXFileReference; includeInIndex = 1; lastKnownFileType = text.xcconfig; name = "Pods-My WeatherUITests.release.xcconfig"; path = "Pods/Target Support Files/Pods-My WeatherUITests/Pods-My WeatherUITests.release.xcconfig"; sourceTree = "<group>"; };
		408E68F2D4DC28DE263D4731 /* Pods-My Weather.release.xcconfig */ = {isa = PBXFileReference; includeInIndex = 1; lastKnownFileType = text.xcconfig; name = "Pods-My Weather.release.xcconfig"; path = "Pods/Target Support Files/Pods-My Weather/Pods-My Weather.release.xcconfig"; sourceTree = "<group>"; };
		449BFB80EFFB312632689B93 /* Pods-My WeatherTests.release.xcconfig */ = {isa = PBXFileReference; includeInIndex = 1; lastKnownFileType = text.xcconfig; name = "Pods-My WeatherTests.release.xcconfig"; path = "Pods/Target Support Files/Pods-My WeatherTests/Pods-My WeatherTests.release.xcconfig"; sourceTree = "<group>"; };
		495F3C5028737ABD6C2D3840 /* Pods_My_WeatherUITests.framework */ = {isa = PBXFileReference; explicitFileType = wrapper.framework; includeInIndex = 0; path = Pods_My_WeatherUITests.framework; sourceTree = BUILT_PRODUCTS_DIR; };
		77130CE51D7837570096D75B /* ClimaconEmoji.swift */ = {isa = PBXFileReference; fileEncoding = 4; lastKnownFileType = sourcecode.swift; path = ClimaconEmoji.swift; sourceTree = "<group>"; };
		77189D901D75ECB200372956 /* My Weather.app */ = {isa = PBXFileReference; explicitFileType = wrapper.application; includeInIndex = 0; path = "My Weather.app"; sourceTree = BUILT_PRODUCTS_DIR; };
		77189D931D75ECB200372956 /* AppDelegate.swift */ = {isa = PBXFileReference; lastKnownFileType = sourcecode.swift; path = AppDelegate.swift; sourceTree = "<group>"; };
		77189D951D75ECB200372956 /* WeatherDetailViewController.swift */ = {isa = PBXFileReference; lastKnownFileType = sourcecode.swift; path = WeatherDetailViewController.swift; sourceTree = "<group>"; };
		77189D981D75ECB200372956 /* Base */ = {isa = PBXFileReference; lastKnownFileType = file.storyboard; name = Base; path = Base.lproj/Main.storyboard; sourceTree = "<group>"; };
		77189D9B1D75ECB200372956 /* My_Weather.xcdatamodel */ = {isa = PBXFileReference; lastKnownFileType = wrapper.xcdatamodel; path = My_Weather.xcdatamodel; sourceTree = "<group>"; };
		77189D9D1D75ECB200372956 /* Assets.xcassets */ = {isa = PBXFileReference; lastKnownFileType = folder.assetcatalog; path = Assets.xcassets; sourceTree = "<group>"; };
		77189DA01D75ECB200372956 /* Base */ = {isa = PBXFileReference; lastKnownFileType = file.storyboard; name = Base; path = Base.lproj/LaunchScreen.storyboard; sourceTree = "<group>"; };
		77189DA21D75ECB200372956 /* Info.plist */ = {isa = PBXFileReference; lastKnownFileType = text.plist.xml; path = Info.plist; sourceTree = "<group>"; };
		77189DA71D75ECB200372956 /* My WeatherTests.xctest */ = {isa = PBXFileReference; explicitFileType = wrapper.cfbundle; includeInIndex = 0; path = "My WeatherTests.xctest"; sourceTree = BUILT_PRODUCTS_DIR; };
		77189DAB1D75ECB200372956 /* My_WeatherTests.swift */ = {isa = PBXFileReference; lastKnownFileType = sourcecode.swift; path = My_WeatherTests.swift; sourceTree = "<group>"; };
		77189DAD1D75ECB200372956 /* Info.plist */ = {isa = PBXFileReference; lastKnownFileType = text.plist.xml; path = Info.plist; sourceTree = "<group>"; };
		77189DB21D75ECB200372956 /* My WeatherUITests.xctest */ = {isa = PBXFileReference; explicitFileType = wrapper.cfbundle; includeInIndex = 0; path = "My WeatherUITests.xctest"; sourceTree = BUILT_PRODUCTS_DIR; };
		77189DB61D75ECB200372956 /* My_WeatherUITests.swift */ = {isa = PBXFileReference; lastKnownFileType = sourcecode.swift; path = My_WeatherUITests.swift; sourceTree = "<group>"; };
		77189DB81D75ECB200372956 /* Info.plist */ = {isa = PBXFileReference; lastKnownFileType = text.plist.xml; path = Info.plist; sourceTree = "<group>"; };
		77189DC81D75F36400372956 /* WeatherTableViewCell.swift */ = {isa = PBXFileReference; fileEncoding = 4; lastKnownFileType = sourcecode.swift; path = WeatherTableViewCell.swift; sourceTree = "<group>"; };
		77189DCA1D75F44800372956 /* WeatherTableViewController.swift */ = {isa = PBXFileReference; fileEncoding = 4; lastKnownFileType = sourcecode.swift; path = WeatherTableViewController.swift; sourceTree = "<group>"; };
		77189DCC1D75F51600372956 /* WeatherData.swift */ = {isa = PBXFileReference; fileEncoding = 4; lastKnownFileType = sourcecode.swift; path = WeatherData.swift; sourceTree = "<group>"; };
		771DE4C71D78682C00E76F3C /* changelog.txt */ = {isa = PBXFileReference; fileEncoding = 4; lastKnownFileType = text; path = changelog.txt; sourceTree = "<group>"; };
		771DE4C91D786ED000E76F3C /* LoadingIndicatorView.swift */ = {isa = PBXFileReference; fileEncoding = 4; lastKnownFileType = sourcecode.swift; path = LoadingIndicatorView.swift; sourceTree = "<group>"; };
		771DE4CB1D786F0700E76F3C /* SplashScreenView.swift */ = {isa = PBXFileReference; fileEncoding = 4; lastKnownFileType = sourcecode.swift; path = SplashScreenView.swift; sourceTree = "<group>"; };
		777DE31C1D781A070005AD8D /* Climacons.ttf */ = {isa = PBXFileReference; lastKnownFileType = file; path = Climacons.ttf; sourceTree = "<group>"; };
		9B3FCE66FACA2CFB9032E463 /* Pods_My_Weather.framework */ = {isa = PBXFileReference; explicitFileType = wrapper.framework; includeInIndex = 0; path = Pods_My_Weather.framework; sourceTree = BUILT_PRODUCTS_DIR; };
		BD083960852DECD3271CA4B9 /* Pods-My Weather.debug.xcconfig */ = {isa = PBXFileReference; includeInIndex = 1; lastKnownFileType = text.xcconfig; name = "Pods-My Weather.debug.xcconfig"; path = "Pods/Target Support Files/Pods-My Weather/Pods-My Weather.debug.xcconfig"; sourceTree = "<group>"; };
		E84AA7D35E0618CA509CD705 /* Pods-My WeatherTests.debug.xcconfig */ = {isa = PBXFileReference; includeInIndex = 1; lastKnownFileType = text.xcconfig; name = "Pods-My WeatherTests.debug.xcconfig"; path = "Pods/Target Support Files/Pods-My WeatherTests/Pods-My WeatherTests.debug.xcconfig"; sourceTree = "<group>"; };
		F405E8ED6323D4F2049F74C3 /* Pods_My_WeatherTests.framework */ = {isa = PBXFileReference; explicitFileType = wrapper.framework; includeInIndex = 0; path = Pods_My_WeatherTests.framework; sourceTree = BUILT_PRODUCTS_DIR; };
/* End PBXFileReference section */

/* Begin PBXFrameworksBuildPhase section */
		77189D8D1D75ECB200372956 /* Frameworks */ = {
			isa = PBXFrameworksBuildPhase;
			buildActionMask = 2147483647;
			files = (
				94517E3EF16DAC38AF0FE17F /* Pods_My_Weather.framework in Frameworks */,
			);
			runOnlyForDeploymentPostprocessing = 0;
		};
		77189DA41D75ECB200372956 /* Frameworks */ = {
			isa = PBXFrameworksBuildPhase;
			buildActionMask = 2147483647;
			files = (
				8334ABC07897377F1BFC71BC /* Pods_My_WeatherTests.framework in Frameworks */,
			);
			runOnlyForDeploymentPostprocessing = 0;
		};
		77189DAF1D75ECB200372956 /* Frameworks */ = {
			isa = PBXFrameworksBuildPhase;
			buildActionMask = 2147483647;
			files = (
				664EEF6364DBE018FF88EFA7 /* Pods_My_WeatherUITests.framework in Frameworks */,
			);
			runOnlyForDeploymentPostprocessing = 0;
		};
/* End PBXFrameworksBuildPhase section */

/* Begin PBXGroup section */
		08FC7437CD3CF3B3EFB23AFD /* Frameworks */ = {
			isa = PBXGroup;
			children = (
				9B3FCE66FACA2CFB9032E463 /* Pods_My_Weather.framework */,
				F405E8ED6323D4F2049F74C3 /* Pods_My_WeatherTests.framework */,
				495F3C5028737ABD6C2D3840 /* Pods_My_WeatherUITests.framework */,
			);
			name = Frameworks;
			sourceTree = "<group>";
		};
		77189D871D75ECB200372956 = {
			isa = PBXGroup;
			children = (
				77189D921D75ECB200372956 /* My Weather */,
				77189DAA1D75ECB200372956 /* My WeatherTests */,
				77189DB51D75ECB200372956 /* My WeatherUITests */,
				77189D911D75ECB200372956 /* Products */,
				FCD4881B50FA3AD579A93452 /* Pods */,
				08FC7437CD3CF3B3EFB23AFD /* Frameworks */,
			);
			sourceTree = "<group>";
		};
		77189D911D75ECB200372956 /* Products */ = {
			isa = PBXGroup;
			children = (
				77189D901D75ECB200372956 /* My Weather.app */,
				77189DA71D75ECB200372956 /* My WeatherTests.xctest */,
				77189DB21D75ECB200372956 /* My WeatherUITests.xctest */,
			);
			name = Products;
			sourceTree = "<group>";
		};
		77189D921D75ECB200372956 /* My Weather */ = {
			isa = PBXGroup;
			children = (
				77189D931D75ECB200372956 /* AppDelegate.swift */,
				77189DCA1D75F44800372956 /* WeatherTableViewController.swift */,
				77189DC81D75F36400372956 /* WeatherTableViewCell.swift */,
				77189D951D75ECB200372956 /* WeatherDetailViewController.swift */,
				771DE4C91D786ED000E76F3C /* LoadingIndicatorView.swift */,
				771DE4CB1D786F0700E76F3C /* SplashScreenView.swift */,
				77189DCC1D75F51600372956 /* WeatherData.swift */,
				77130CE51D7837570096D75B /* ClimaconEmoji.swift */,
				77189D971D75ECB200372956 /* Main.storyboard */,
				77189D9F1D75ECB200372956 /* LaunchScreen.storyboard */,
				77189D9D1D75ECB200372956 /* Assets.xcassets */,
				771DE4C71D78682C00E76F3C /* changelog.txt */,
				77189DA21D75ECB200372956 /* Info.plist */,
				77189D9A1D75ECB200372956 /* My_Weather.xcdatamodeld */,
				777DE31C1D781A070005AD8D /* Climacons.ttf */,
			);
			path = "My Weather";
			sourceTree = "<group>";
		};
		77189DAA1D75ECB200372956 /* My WeatherTests */ = {
			isa = PBXGroup;
			children = (
				77189DAB1D75ECB200372956 /* My_WeatherTests.swift */,
				77189DAD1D75ECB200372956 /* Info.plist */,
			);
			path = "My WeatherTests";
			sourceTree = "<group>";
		};
		77189DB51D75ECB200372956 /* My WeatherUITests */ = {
			isa = PBXGroup;
			children = (
				77189DB61D75ECB200372956 /* My_WeatherUITests.swift */,
				77189DB81D75ECB200372956 /* Info.plist */,
			);
			path = "My WeatherUITests";
			sourceTree = "<group>";
		};
		FCD4881B50FA3AD579A93452 /* Pods */ = {
			isa = PBXGroup;
			children = (
				BD083960852DECD3271CA4B9 /* Pods-My Weather.debug.xcconfig */,
				408E68F2D4DC28DE263D4731 /* Pods-My Weather.release.xcconfig */,
				E84AA7D35E0618CA509CD705 /* Pods-My WeatherTests.debug.xcconfig */,
				449BFB80EFFB312632689B93 /* Pods-My WeatherTests.release.xcconfig */,
				16299C1FB9BC7AC13AD4A57D /* Pods-My WeatherUITests.debug.xcconfig */,
				321BF68D1D0542252268090D /* Pods-My WeatherUITests.release.xcconfig */,
			);
			name = Pods;
			sourceTree = "<group>";
		};
/* End PBXGroup section */

/* Begin PBXNativeTarget section */
		77189D8F1D75ECB200372956 /* My Weather */ = {
			isa = PBXNativeTarget;
			buildConfigurationList = 77189DBB1D75ECB200372956 /* Build configuration list for PBXNativeTarget "My Weather" */;
			buildPhases = (
				14BDD629A75199DBAD69ADF0 /* [CP] Check Pods Manifest.lock */,
				77189D8C1D75ECB200372956 /* Sources */,
				77189D8D1D75ECB200372956 /* Frameworks */,
				77189D8E1D75ECB200372956 /* Resources */,
				BFEF3DDFBB03066C370D3086 /* [CP] Embed Pods Frameworks */,
				7EC0A3D15750EA077B36D7A4 /* [CP] Copy Pods Resources */,
			);
			buildRules = (
			);
			dependencies = (
			);
			name = "My Weather";
			productName = "My Weather";
			productReference = 77189D901D75ECB200372956 /* My Weather.app */;
			productType = "com.apple.product-type.application";
		};
		77189DA61D75ECB200372956 /* My WeatherTests */ = {
			isa = PBXNativeTarget;
			buildConfigurationList = 77189DBE1D75ECB200372956 /* Build configuration list for PBXNativeTarget "My WeatherTests" */;
			buildPhases = (
				3860A89AB43BE8356E19D813 /* [CP] Check Pods Manifest.lock */,
				77189DA31D75ECB200372956 /* Sources */,
				77189DA41D75ECB200372956 /* Frameworks */,
				77189DA51D75ECB200372956 /* Resources */,
				DCD360A12836BFE2FFF659DA /* [CP] Embed Pods Frameworks */,
				2B91C2CC82A1F1C62C84146E /* [CP] Copy Pods Resources */,
			);
			buildRules = (
			);
			dependencies = (
				77189DA91D75ECB200372956 /* PBXTargetDependency */,
			);
			name = "My WeatherTests";
			productName = "My WeatherTests";
			productReference = 77189DA71D75ECB200372956 /* My WeatherTests.xctest */;
			productType = "com.apple.product-type.bundle.unit-test";
		};
		77189DB11D75ECB200372956 /* My WeatherUITests */ = {
			isa = PBXNativeTarget;
			buildConfigurationList = 77189DC11D75ECB200372956 /* Build configuration list for PBXNativeTarget "My WeatherUITests" */;
			buildPhases = (
				C1A85D32CB5A62B7286934B2 /* [CP] Check Pods Manifest.lock */,
				77189DAE1D75ECB200372956 /* Sources */,
				77189DAF1D75ECB200372956 /* Frameworks */,
				77189DB01D75ECB200372956 /* Resources */,
				38F6D8F6A6E7BFD9CBA3C7E4 /* [CP] Copy Pods Resources */,
			);
			buildRules = (
			);
			dependencies = (
				77189DB41D75ECB200372956 /* PBXTargetDependency */,
			);
			name = "My WeatherUITests";
			productName = "My WeatherUITests";
			productReference = 77189DB21D75ECB200372956 /* My WeatherUITests.xctest */;
			productType = "com.apple.product-type.bundle.ui-testing";
		};
/* End PBXNativeTarget section */

/* Begin PBXProject section */
		77189D881D75ECB200372956 /* Project object */ = {
			isa = PBXProject;
			attributes = {
				LastSwiftUpdateCheck = 0730;
				LastUpgradeCheck = 0730;
				ORGANIZATIONNAME = "Juan A. Romero";
				TargetAttributes = {
					77189D8F1D75ECB200372956 = {
						CreatedOnToolsVersion = 7.3.1;
						DevelopmentTeam = 524K5RSBEG;
					};
					77189DA61D75ECB200372956 = {
						CreatedOnToolsVersion = 7.3.1;
						TestTargetID = 77189D8F1D75ECB200372956;
					};
					77189DB11D75ECB200372956 = {
						CreatedOnToolsVersion = 7.3.1;
						TestTargetID = 77189D8F1D75ECB200372956;
					};
				};
			};
			buildConfigurationList = 77189D8B1D75ECB200372956 /* Build configuration list for PBXProject "My Weather" */;
			compatibilityVersion = "Xcode 3.2";
			developmentRegion = English;
			hasScannedForEncodings = 0;
			knownRegions = (
				en,
				Base,
			);
			mainGroup = 77189D871D75ECB200372956;
			productRefGroup = 77189D911D75ECB200372956 /* Products */;
			projectDirPath = "";
			projectRoot = "";
			targets = (
				77189D8F1D75ECB200372956 /* My Weather */,
				77189DA61D75ECB200372956 /* My WeatherTests */,
				77189DB11D75ECB200372956 /* My WeatherUITests */,
			);
		};
/* End PBXProject section */

/* Begin PBXResourcesBuildPhase section */
		77189D8E1D75ECB200372956 /* Resources */ = {
			isa = PBXResourcesBuildPhase;
			buildActionMask = 2147483647;
			files = (
				771DE4C81D78682C00E76F3C /* changelog.txt in Resources */,
				77189DA11D75ECB200372956 /* LaunchScreen.storyboard in Resources */,
				77189D9E1D75ECB200372956 /* Assets.xcassets in Resources */,
				777DE31D1D781A070005AD8D /* Climacons.ttf in Resources */,
				77189D991D75ECB200372956 /* Main.storyboard in Resources */,
			);
			runOnlyForDeploymentPostprocessing = 0;
		};
		77189DA51D75ECB200372956 /* Resources */ = {
			isa = PBXResourcesBuildPhase;
			buildActionMask = 2147483647;
			files = (
			);
			runOnlyForDeploymentPostprocessing = 0;
		};
		77189DB01D75ECB200372956 /* Resources */ = {
			isa = PBXResourcesBuildPhase;
			buildActionMask = 2147483647;
			files = (
			);
			runOnlyForDeploymentPostprocessing = 0;
		};
/* End PBXResourcesBuildPhase section */

/* Begin PBXShellScriptBuildPhase section */
		14BDD629A75199DBAD69ADF0 /* [CP] Check Pods Manifest.lock */ = {
			isa = PBXShellScriptBuildPhase;
			buildActionMask = 2147483647;
			files = (
			);
			inputPaths = (
			);
			name = "[CP] Check Pods Manifest.lock";
			outputPaths = (
			);
			runOnlyForDeploymentPostprocessing = 0;
			shellPath = /bin/sh;
			shellScript = "diff \"${PODS_ROOT}/../Podfile.lock\" \"${PODS_ROOT}/Manifest.lock\" > /dev/null\nif [[ $? != 0 ]] ; then\n    cat << EOM\nerror: The sandbox is not in sync with the Podfile.lock. Run 'pod install' or update your CocoaPods installation.\nEOM\n    exit 1\nfi\n";
			showEnvVarsInLog = 0;
		};
		2B91C2CC82A1F1C62C84146E /* [CP] Copy Pods Resources */ = {
			isa = PBXShellScriptBuildPhase;
			buildActionMask = 2147483647;
			files = (
			);
			inputPaths = (
			);
			name = "[CP] Copy Pods Resources";
			outputPaths = (
			);
			runOnlyForDeploymentPostprocessing = 0;
			shellPath = /bin/sh;
			shellScript = "\"${SRCROOT}/Pods/Target Support Files/Pods-My WeatherTests/Pods-My WeatherTests-resources.sh\"\n";
			showEnvVarsInLog = 0;
		};
		3860A89AB43BE8356E19D813 /* [CP] Check Pods Manifest.lock */ = {
			isa = PBXShellScriptBuildPhase;
			buildActionMask = 2147483647;
			files = (
			);
			inputPaths = (
			);
			name = "[CP] Check Pods Manifest.lock";
			outputPaths = (
			);
			runOnlyForDeploymentPostprocessing = 0;
			shellPath = /bin/sh;
			shellScript = "diff \"${PODS_ROOT}/../Podfile.lock\" \"${PODS_ROOT}/Manifest.lock\" > /dev/null\nif [[ $? != 0 ]] ; then\n    cat << EOM\nerror: The sandbox is not in sync with the Podfile.lock. Run 'pod install' or update your CocoaPods installation.\nEOM\n    exit 1\nfi\n";
			showEnvVarsInLog = 0;
		};
		38F6D8F6A6E7BFD9CBA3C7E4 /* [CP] Copy Pods Resources */ = {
			isa = PBXShellScriptBuildPhase;
			buildActionMask = 2147483647;
			files = (
			);
			inputPaths = (
			);
			name = "[CP] Copy Pods Resources";
			outputPaths = (
			);
			runOnlyForDeploymentPostprocessing = 0;
			shellPath = /bin/sh;
			shellScript = "\"${SRCROOT}/Pods/Target Support Files/Pods-My WeatherUITests/Pods-My WeatherUITests-resources.sh\"\n";
			showEnvVarsInLog = 0;
		};
		7EC0A3D15750EA077B36D7A4 /* [CP] Copy Pods Resources */ = {
			isa = PBXShellScriptBuildPhase;
			buildActionMask = 2147483647;
			files = (
			);
			inputPaths = (
			);
			name = "[CP] Copy Pods Resources";
			outputPaths = (
			);
			runOnlyForDeploymentPostprocessing = 0;
			shellPath = /bin/sh;
			shellScript = "\"${SRCROOT}/Pods/Target Support Files/Pods-My Weather/Pods-My Weather-resources.sh\"\n";
			showEnvVarsInLog = 0;
		};
		BFEF3DDFBB03066C370D3086 /* [CP] Embed Pods Frameworks */ = {
			isa = PBXShellScriptBuildPhase;
			buildActionMask = 2147483647;
			files = (
			);
			inputPaths = (
			);
			name = "[CP] Embed Pods Frameworks";
			outputPaths = (
			);
			runOnlyForDeploymentPostprocessing = 0;
			shellPath = /bin/sh;
			shellScript = "\"${SRCROOT}/Pods/Target Support Files/Pods-My Weather/Pods-My Weather-frameworks.sh\"\n";
			showEnvVarsInLog = 0;
		};
		C1A85D32CB5A62B7286934B2 /* [CP] Check Pods Manifest.lock */ = {
			isa = PBXShellScriptBuildPhase;
			buildActionMask = 2147483647;
			files = (
			);
			inputPaths = (
			);
			name = "[CP] Check Pods Manifest.lock";
			outputPaths = (
			);
			runOnlyForDeploymentPostprocessing = 0;
			shellPath = /bin/sh;
			shellScript = "diff \"${PODS_ROOT}/../Podfile.lock\" \"${PODS_ROOT}/Manifest.lock\" > /dev/null\nif [[ $? != 0 ]] ; then\n    cat << EOM\nerror: The sandbox is not in sync with the Podfile.lock. Run 'pod install' or update your CocoaPods installation.\nEOM\n    exit 1\nfi\n";
			showEnvVarsInLog = 0;
		};
		DCD360A12836BFE2FFF659DA /* [CP] Embed Pods Frameworks */ = {
			isa = PBXShellScriptBuildPhase;
			buildActionMask = 2147483647;
			files = (
			);
			inputPaths = (
			);
			name = "[CP] Embed Pods Frameworks";
			outputPaths = (
			);
			runOnlyForDeploymentPostprocessing = 0;
			shellPath = /bin/sh;
			shellScript = "\"${SRCROOT}/Pods/Target Support Files/Pods-My WeatherTests/Pods-My WeatherTests-frameworks.sh\"\n";
			showEnvVarsInLog = 0;
		};
/* End PBXShellScriptBuildPhase section */

/* Begin PBXSourcesBuildPhase section */
		77189D8C1D75ECB200372956 /* Sources */ = {
			isa = PBXSourcesBuildPhase;
			buildActionMask = 2147483647;
			files = (
				77189DC91D75F36400372956 /* WeatherTableViewCell.swift in Sources */,
				77189DCB1D75F44800372956 /* WeatherTableViewController.swift in Sources */,
				77189D961D75ECB200372956 /* WeatherDetailViewController.swift in Sources */,
				771DE4CA1D786ED000E76F3C /* LoadingIndicatorView.swift in Sources */,
				77189D941D75ECB200372956 /* AppDelegate.swift in Sources */,
				77130CE61D7837570096D75B /* ClimaconEmoji.swift in Sources */,
				77189DCD1D75F51600372956 /* WeatherData.swift in Sources */,
				771DE4CC1D786F0700E76F3C /* SplashScreenView.swift in Sources */,
				77189D9C1D75ECB200372956 /* My_Weather.xcdatamodeld in Sources */,
			);
			runOnlyForDeploymentPostprocessing = 0;
		};
		77189DA31D75ECB200372956 /* Sources */ = {
			isa = PBXSourcesBuildPhase;
			buildActionMask = 2147483647;
			files = (
				77189DAC1D75ECB200372956 /* My_WeatherTests.swift in Sources */,
			);
			runOnlyForDeploymentPostprocessing = 0;
		};
		77189DAE1D75ECB200372956 /* Sources */ = {
			isa = PBXSourcesBuildPhase;
			buildActionMask = 2147483647;
			files = (
				77189DB71D75ECB200372956 /* My_WeatherUITests.swift in Sources */,
			);
			runOnlyForDeploymentPostprocessing = 0;
		};
/* End PBXSourcesBuildPhase section */

/* Begin PBXTargetDependency section */
		77189DA91D75ECB200372956 /* PBXTargetDependency */ = {
			isa = PBXTargetDependency;
			target = 77189D8F1D75ECB200372956 /* My Weather */;
			targetProxy = 77189DA81D75ECB200372956 /* PBXContainerItemProxy */;
		};
		77189DB41D75ECB200372956 /* PBXTargetDependency */ = {
			isa = PBXTargetDependency;
			target = 77189D8F1D75ECB200372956 /* My Weather */;
			targetProxy = 77189DB31D75ECB200372956 /* PBXContainerItemProxy */;
		};
/* End PBXTargetDependency section */

/* Begin PBXVariantGroup section */
		77189D971D75ECB200372956 /* Main.storyboard */ = {
			isa = PBXVariantGroup;
			children = (
				77189D981D75ECB200372956 /* Base */,
			);
			name = Main.storyboard;
			sourceTree = "<group>";
		};
		77189D9F1D75ECB200372956 /* LaunchScreen.storyboard */ = {
			isa = PBXVariantGroup;
			children = (
				77189DA01D75ECB200372956 /* Base */,
			);
			name = LaunchScreen.storyboard;
			sourceTree = "<group>";
		};
/* End PBXVariantGroup section */

/* Begin XCBuildConfiguration section */
		77189DB91D75ECB200372956 /* Debug */ = {
			isa = XCBuildConfiguration;
			buildSettings = {
				ALWAYS_SEARCH_USER_PATHS = NO;
				CLANG_ANALYZER_NONNULL = YES;
				CLANG_CXX_LANGUAGE_STANDARD = "gnu++0x";
				CLANG_CXX_LIBRARY = "libc++";
				CLANG_ENABLE_MODULES = YES;
				CLANG_ENABLE_OBJC_ARC = YES;
				CLANG_WARN_BOOL_CONVERSION = YES;
				CLANG_WARN_CONSTANT_CONVERSION = YES;
				CLANG_WARN_DIRECT_OBJC_ISA_USAGE = YES_ERROR;
				CLANG_WARN_EMPTY_BODY = YES;
				CLANG_WARN_ENUM_CONVERSION = YES;
				CLANG_WARN_INT_CONVERSION = YES;
				CLANG_WARN_OBJC_ROOT_CLASS = YES_ERROR;
				CLANG_WARN_UNREACHABLE_CODE = YES;
				CLANG_WARN__DUPLICATE_METHOD_MATCH = YES;
				"CODE_SIGN_IDENTITY[sdk=iphoneos*]" = "iPhone Developer";
				COPY_PHASE_STRIP = NO;
				DEBUG_INFORMATION_FORMAT = dwarf;
				ENABLE_STRICT_OBJC_MSGSEND = YES;
				ENABLE_TESTABILITY = YES;
				GCC_C_LANGUAGE_STANDARD = gnu99;
				GCC_DYNAMIC_NO_PIC = NO;
				GCC_NO_COMMON_BLOCKS = YES;
				GCC_OPTIMIZATION_LEVEL = 0;
				GCC_PREPROCESSOR_DEFINITIONS = (
					"DEBUG=1",
					"$(inherited)",
				);
				GCC_WARN_64_TO_32_BIT_CONVERSION = YES;
				GCC_WARN_ABOUT_RETURN_TYPE = YES_ERROR;
				GCC_WARN_UNDECLARED_SELECTOR = YES;
				GCC_WARN_UNINITIALIZED_AUTOS = YES_AGGRESSIVE;
				GCC_WARN_UNUSED_FUNCTION = YES;
				GCC_WARN_UNUSED_VARIABLE = YES;
				IPHONEOS_DEPLOYMENT_TARGET = 9.3;
				MTL_ENABLE_DEBUG_INFO = YES;
				ONLY_ACTIVE_ARCH = YES;
				SDKROOT = iphoneos;
				SWIFT_OPTIMIZATION_LEVEL = "-Onone";
			};
			name = Debug;
		};
		77189DBA1D75ECB200372956 /* Release */ = {
			isa = XCBuildConfiguration;
			buildSettings = {
				ALWAYS_SEARCH_USER_PATHS = NO;
				CLANG_ANALYZER_NONNULL = YES;
				CLANG_CXX_LANGUAGE_STANDARD = "gnu++0x";
				CLANG_CXX_LIBRARY = "libc++";
				CLANG_ENABLE_MODULES = YES;
				CLANG_ENABLE_OBJC_ARC = YES;
				CLANG_WARN_BOOL_CONVERSION = YES;
				CLANG_WARN_CONSTANT_CONVERSION = YES;
				CLANG_WARN_DIRECT_OBJC_ISA_USAGE = YES_ERROR;
				CLANG_WARN_EMPTY_BODY = YES;
				CLANG_WARN_ENUM_CONVERSION = YES;
				CLANG_WARN_INT_CONVERSION = YES;
				CLANG_WARN_OBJC_ROOT_CLASS = YES_ERROR;
				CLANG_WARN_UNREACHABLE_CODE = YES;
				CLANG_WARN__DUPLICATE_METHOD_MATCH = YES;
				"CODE_SIGN_IDENTITY[sdk=iphoneos*]" = "iPhone Developer";
				COPY_PHASE_STRIP = NO;
				DEBUG_INFORMATION_FORMAT = "dwarf-with-dsym";
				ENABLE_NS_ASSERTIONS = NO;
				ENABLE_STRICT_OBJC_MSGSEND = YES;
				GCC_C_LANGUAGE_STANDARD = gnu99;
				GCC_NO_COMMON_BLOCKS = YES;
				GCC_WARN_64_TO_32_BIT_CONVERSION = YES;
				GCC_WARN_ABOUT_RETURN_TYPE = YES_ERROR;
				GCC_WARN_UNDECLARED_SELECTOR = YES;
				GCC_WARN_UNINITIALIZED_AUTOS = YES_AGGRESSIVE;
				GCC_WARN_UNUSED_FUNCTION = YES;
				GCC_WARN_UNUSED_VARIABLE = YES;
				IPHONEOS_DEPLOYMENT_TARGET = 9.3;
				MTL_ENABLE_DEBUG_INFO = NO;
				SDKROOT = iphoneos;
				VALIDATE_PRODUCT = YES;
			};
			name = Release;
		};
		77189DBC1D75ECB200372956 /* Debug */ = {
			isa = XCBuildConfiguration;
			baseConfigurationReference = BD083960852DECD3271CA4B9 /* Pods-My Weather.debug.xcconfig */;
			buildSettings = {
				ASSETCATALOG_COMPILER_APPICON_NAME = AppIcon;
				CODE_SIGN_IDENTITY = "iPhone Developer";
				"CODE_SIGN_IDENTITY[sdk=iphoneos*]" = "iPhone Developer";
				INFOPLIST_FILE = "My Weather/Info.plist";
				LD_RUNPATH_SEARCH_PATHS = "$(inherited) @executable_path/Frameworks";
				PRODUCT_BUNDLE_IDENTIFIER = "de.rukano.My-Weather";
				PRODUCT_NAME = "$(TARGET_NAME)";
				PROVISIONING_PROFILE = "";
			};
			name = Debug;
		};
		77189DBD1D75ECB200372956 /* Release */ = {
			isa = XCBuildConfiguration;
			baseConfigurationReference = 408E68F2D4DC28DE263D4731 /* Pods-My Weather.release.xcconfig */;
			buildSettings = {
				ASSETCATALOG_COMPILER_APPICON_NAME = AppIcon;
				CODE_SIGN_IDENTITY = "iPhone Developer";
				"CODE_SIGN_IDENTITY[sdk=iphoneos*]" = "iPhone Developer";
				INFOPLIST_FILE = "My Weather/Info.plist";
				LD_RUNPATH_SEARCH_PATHS = "$(inherited) @executable_path/Frameworks";
				PRODUCT_BUNDLE_IDENTIFIER = "de.rukano.My-Weather";
				PRODUCT_NAME = "$(TARGET_NAME)";
				PROVISIONING_PROFILE = "";
			};
			name = Release;
		};
		77189DBF1D75ECB200372956 /* Debug */ = {
			isa = XCBuildConfiguration;
			baseConfigurationReference = E84AA7D35E0618CA509CD705 /* Pods-My WeatherTests.debug.xcconfig */;
			buildSettings = {
				BUNDLE_LOADER = "$(TEST_HOST)";
				INFOPLIST_FILE = "My WeatherTests/Info.plist";
				LD_RUNPATH_SEARCH_PATHS = "$(inherited) @executable_path/Frameworks @loader_path/Frameworks";
				PRODUCT_BUNDLE_IDENTIFIER = "de.rukano.My-WeatherTests";
				PRODUCT_NAME = "$(TARGET_NAME)";
				TEST_HOST = "$(BUILT_PRODUCTS_DIR)/My Weather.app/My Weather";
			};
			name = Debug;
		};
		77189DC01D75ECB200372956 /* Release */ = {
			isa = XCBuildConfiguration;
			baseConfigurationReference = 449BFB80EFFB312632689B93 /* Pods-My WeatherTests.release.xcconfig */;
			buildSettings = {
				BUNDLE_LOADER = "$(TEST_HOST)";
				INFOPLIST_FILE = "My WeatherTests/Info.plist";
				LD_RUNPATH_SEARCH_PATHS = "$(inherited) @executable_path/Frameworks @loader_path/Frameworks";
				PRODUCT_BUNDLE_IDENTIFIER = "de.rukano.My-WeatherTests";
				PRODUCT_NAME = "$(TARGET_NAME)";
				TEST_HOST = "$(BUILT_PRODUCTS_DIR)/My Weather.app/My Weather";
			};
			name = Release;
		};
		77189DC21D75ECB200372956 /* Debug */ = {
			isa = XCBuildConfiguration;
			baseConfigurationReference = 16299C1FB9BC7AC13AD4A57D /* Pods-My WeatherUITests.debug.xcconfig */;
			buildSettings = {
				INFOPLIST_FILE = "My WeatherUITests/Info.plist";
				LD_RUNPATH_SEARCH_PATHS = "$(inherited) @executable_path/Frameworks @loader_path/Frameworks";
				PRODUCT_BUNDLE_IDENTIFIER = "de.rukano.My-WeatherUITests";
				PRODUCT_NAME = "$(TARGET_NAME)";
				TEST_TARGET_NAME = "My Weather";
			};
			name = Debug;
		};
		77189DC31D75ECB200372956 /* Release */ = {
			isa = XCBuildConfiguration;
			baseConfigurationReference = 321BF68D1D0542252268090D /* Pods-My WeatherUITests.release.xcconfig */;
			buildSettings = {
				INFOPLIST_FILE = "My WeatherUITests/Info.plist";
				LD_RUNPATH_SEARCH_PATHS = "$(inherited) @executable_path/Frameworks @loader_path/Frameworks";
				PRODUCT_BUNDLE_IDENTIFIER = "de.rukano.My-WeatherUITests";
				PRODUCT_NAME = "$(TARGET_NAME)";
				TEST_TARGET_NAME = "My Weather";
			};
			name = Release;
		};
/* End XCBuildConfiguration section */

/* Begin XCConfigurationList section */
		77189D8B1D75ECB200372956 /* Build configuration list for PBXProject "My Weather" */ = {
			isa = XCConfigurationList;
			buildConfigurations = (
				77189DB91D75ECB200372956 /* Debug */,
				77189DBA1D75ECB200372956 /* Release */,
			);
			defaultConfigurationIsVisible = 0;
			defaultConfigurationName = Release;
		};
		77189DBB1D75ECB200372956 /* Build configuration list for PBXNativeTarget "My Weather" */ = {
			isa = XCConfigurationList;
			buildConfigurations = (
				77189DBC1D75ECB200372956 /* Debug */,
				77189DBD1D75ECB200372956 /* Release */,
			);
			defaultConfigurationIsVisible = 0;
			defaultConfigurationName = Release;
		};
		77189DBE1D75ECB200372956 /* Build configuration list for PBXNativeTarget "My WeatherTests" */ = {
			isa = XCConfigurationList;
			buildConfigurations = (
				77189DBF1D75ECB200372956 /* Debug */,
				77189DC01D75ECB200372956 /* Release */,
			);
			defaultConfigurationIsVisible = 0;
			defaultConfigurationName = Release;
		};
		77189DC11D75ECB200372956 /* Build configuration list for PBXNativeTarget "My WeatherUITests" */ = {
			isa = XCConfigurationList;
			buildConfigurations = (
				77189DC21D75ECB200372956 /* Debug */,
				77189DC31D75ECB200372956 /* Release */,
			);
			defaultConfigurationIsVisible = 0;
			defaultConfigurationName = Release;
		};
/* End XCConfigurationList section */

/* Begin XCVersionGroup section */
		77189D9A1D75ECB200372956 /* My_Weather.xcdatamodeld */ = {
			isa = XCVersionGroup;
			children = (
				77189D9B1D75ECB200372956 /* My_Weather.xcdatamodel */,
			);
			currentVersion = 77189D9B1D75ECB200372956 /* My_Weather.xcdatamodel */;
			path = My_Weather.xcdatamodeld;
			sourceTree = "<group>";
			versionGroupType = wrapper.xcdatamodel;
		};
/* End XCVersionGroup section */
	};
	rootObject = 77189D881D75ECB200372956 /* Project object */;
}
